
Microsoft Visual Studio Solution File, Format Version 12.00
# Visual Studio Version 17
VisualStudioVersion = 17.14.36408.4 d17.14
MinimumVisualStudioVersion = 10.0.40219.1
Project("{FAE04EC0-301F-11D3-BF4B-00C04F79EFBC}") = "NorthwindCharts.Mvc", "NorthwindCharts.Mvc\NorthwindCharts.Mvc.csproj", "{91ABC54B-C59F-4273-9FCA-0FE8B016E905}"
EndProject
Project("{FAE04EC0-301F-11D3-BF4B-00C04F79EFBC}") = "NorthwindCharts.Database", "NorthwindCharts.Database\NorthwindCharts.Database.csproj", "{2973A695-16C1-4186-9433-E3F853AB5D43}"
EndProject
Global
	GlobalSection(SolutionConfigurationPlatforms) = preSolution
		Debug|Any CPU = Debug|Any CPU
		Release|Any CPU = Release|Any CPU
	EndGlobalSection
	GlobalSection(ProjectConfigurationPlatforms) = postSolution
		{91ABC54B-C59F-4273-9FCA-0FE8B016E905}.Debug|Any CPU.ActiveCfg = Debug|Any CPU
		{91ABC54B-C59F-4273-9FCA-0FE8B016E905}.Debug|Any CPU.Build.0 = Debug|Any CPU
		{91ABC54B-C59F-4273-9FCA-0FE8B016E905}.Release|Any CPU.ActiveCfg = Release|Any CPU
		{91ABC54B-C59F-4273-9FCA-0FE8B016E905}.Release|Any CPU.Build.0 = Release|Any CPU
		{2973A695-16C1-4186-9433-E3F853AB5D43}.Debug|Any CPU.ActiveCfg = Debug|Any CPU
		{2973A695-16C1-4186-9433-E3F853AB5D43}.Debug|Any CPU.Build.0 = Debug|Any CPU
		{2973A695-16C1-4186-9433-E3F853AB5D43}.Release|Any CPU.ActiveCfg = Release|Any CPU
		{2973A695-16C1-4186-9433-E3F853AB5D43}.Release|Any CPU.Build.0 = Release|Any CPU
	EndGlobalSection
	GlobalSection(SolutionProperties) = preSolution
		HideSolutionNode = FALSE
	EndGlobalSection
	GlobalSection(ExtensibilityGlobals) = postSolution
		SolutionGuid = {5055AE39-FAEF-4A3C-BF23-69D874AEE61F}
	EndGlobalSection
EndGlobal
